// !$*UTF8*$!
{
	archiveVersion = 1;
	classes = {
	};
	objectVersion = 56;
	objects = {

/* Begin PBXBuildFile section */
		E00417B22C036D0200C71460 /* AppDelegate.swift in Sources */ = {isa = PBXBuildFile; fileRef = E00417B12C036D0200C71460 /* AppDelegate.swift */; };
		E00417B42C036D0200C71460 /* SceneDelegate.swift in Sources */ = {isa = PBXBuildFile; fileRef = E00417B32C036D0200C71460 /* SceneDelegate.swift */; };
		E00417B62C036D0300C71460 /* ViewController.swift in Sources */ = {isa = PBXBuildFile; fileRef = E00417B52C036D0300C71460 /* ViewController.swift */; };
		E00417BB2C036D0400C71460 /* Assets.xcassets in Resources */ = {isa = PBXBuildFile; fileRef = E00417BA2C036D0400C71460 /* Assets.xcassets */; };
		E00417BE2C036D0400C71460 /* Base in Resources */ = {isa = PBXBuildFile; fileRef = E00417BD2C036D0400C71460 /* Base */; };
		E00417D52C03795600C71460 /* LICENSE.txt in Resources */ = {isa = PBXBuildFile; fileRef = E00417C72C03795600C71460 /* LICENSE.txt */; };
		E00417D62C03795600C71460 /* Roboto-Black.ttf in Resources */ = {isa = PBXBuildFile; fileRef = E00417C82C03795600C71460 /* Roboto-Black.ttf */; };
		E00417D72C03795600C71460 /* Roboto-BlackItalic.ttf in Resources */ = {isa = PBXBuildFile; fileRef = E00417C92C03795600C71460 /* Roboto-BlackItalic.ttf */; };
		E00417D82C03795600C71460 /* Roboto-Bold.ttf in Resources */ = {isa = PBXBuildFile; fileRef = E00417CA2C03795600C71460 /* Roboto-Bold.ttf */; };
		E00417D92C03795600C71460 /* Roboto-BoldItalic.ttf in Resources */ = {isa = PBXBuildFile; fileRef = E00417CB2C03795600C71460 /* Roboto-BoldItalic.ttf */; };
		E00417DA2C03795600C71460 /* Roboto-Italic.ttf in Resources */ = {isa = PBXBuildFile; fileRef = E00417CC2C03795600C71460 /* Roboto-Italic.ttf */; };
		E00417DB2C03795600C71460 /* Roboto-Light.ttf in Resources */ = {isa = PBXBuildFile; fileRef = E00417CD2C03795600C71460 /* Roboto-Light.ttf */; };
		E00417DC2C03795600C71460 /* Roboto-LightItalic.ttf in Resources */ = {isa = PBXBuildFile; fileRef = E00417CE2C03795600C71460 /* Roboto-LightItalic.ttf */; };
		E00417DD2C03795600C71460 /* Roboto-Medium.ttf in Resources */ = {isa = PBXBuildFile; fileRef = E00417CF2C03795600C71460 /* Roboto-Medium.ttf */; };
		E00417DE2C03795600C71460 /* Roboto-MediumItalic.ttf in Resources */ = {isa = PBXBuildFile; fileRef = E00417D02C03795600C71460 /* Roboto-MediumItalic.ttf */; };
		E00417DF2C03795600C71460 /* Roboto-Regular.ttf in Resources */ = {isa = PBXBuildFile; fileRef = E00417D12C03795600C71460 /* Roboto-Regular.ttf */; };
		E00417E02C03795600C71460 /* Roboto-Thin.ttf in Resources */ = {isa = PBXBuildFile; fileRef = E00417D22C03795600C71460 /* Roboto-Thin.ttf */; };
		E00417E12C03795600C71460 /* Roboto-ThinItalic.ttf in Resources */ = {isa = PBXBuildFile; fileRef = E00417D32C03795600C71460 /* Roboto-ThinItalic.ttf */; };
		E00417E42C037B5E00C71460 /* UIFont+Extension.swift in Sources */ = {isa = PBXBuildFile; fileRef = E00417E32C037B5E00C71460 /* UIFont+Extension.swift */; };
/* End PBXBuildFile section */

/* Begin PBXFileReference section */
		E00417AE2C036D0200C71460 /* FoodDeliveryPet.app */ = {isa = PBXFileReference; explicitFileType = wrapper.application; includeInIndex = 0; path = FoodDeliveryPet.app; sourceTree = BUILT_PRODUCTS_DIR; };
		E00417B12C036D0200C71460 /* AppDelegate.swift */ = {isa = PBXFileReference; lastKnownFileType = sourcecode.swift; path = AppDelegate.swift; sourceTree = "<group>"; };
		E00417B32C036D0200C71460 /* SceneDelegate.swift */ = {isa = PBXFileReference; lastKnownFileType = sourcecode.swift; path = SceneDelegate.swift; sourceTree = "<group>"; };
		E00417B52C036D0300C71460 /* ViewController.swift */ = {isa = PBXFileReference; lastKnownFileType = sourcecode.swift; path = ViewController.swift; sourceTree = "<group>"; };
		E00417BA2C036D0400C71460 /* Assets.xcassets */ = {isa = PBXFileReference; lastKnownFileType = folder.assetcatalog; path = Assets.xcassets; sourceTree = "<group>"; };
		E00417BD2C036D0400C71460 /* Base */ = {isa = PBXFileReference; lastKnownFileType = file.storyboard; name = Base; path = Base.lproj/LaunchScreen.storyboard; sourceTree = "<group>"; };
		E00417BF2C036D0400C71460 /* Info.plist */ = {isa = PBXFileReference; lastKnownFileType = text.plist.xml; path = Info.plist; sourceTree = "<group>"; };
		E00417C72C03795600C71460 /* LICENSE.txt */ = {isa = PBXFileReference; fileEncoding = 4; lastKnownFileType = text; path = LICENSE.txt; sourceTree = "<group>"; };
		E00417C82C03795600C71460 /* Roboto-Black.ttf */ = {isa = PBXFileReference; lastKnownFileType = file; path = "Roboto-Black.ttf"; sourceTree = "<group>"; };
		E00417C92C03795600C71460 /* Roboto-BlackItalic.ttf */ = {isa = PBXFileReference; lastKnownFileType = file; path = "Roboto-BlackItalic.ttf"; sourceTree = "<group>"; };
		E00417CA2C03795600C71460 /* Roboto-Bold.ttf */ = {isa = PBXFileReference; lastKnownFileType = file; path = "Roboto-Bold.ttf"; sourceTree = "<group>"; };
		E00417CB2C03795600C71460 /* Roboto-BoldItalic.ttf */ = {isa = PBXFileReference; lastKnownFileType = file; path = "Roboto-BoldItalic.ttf"; sourceTree = "<group>"; };
		E00417CC2C03795600C71460 /* Roboto-Italic.ttf */ = {isa = PBXFileReference; lastKnownFileType = file; path = "Roboto-Italic.ttf"; sourceTree = "<group>"; };
		E00417CD2C03795600C71460 /* Roboto-Light.ttf */ = {isa = PBXFileReference; lastKnownFileType = file; path = "Roboto-Light.ttf"; sourceTree = "<group>"; };
		E00417CE2C03795600C71460 /* Roboto-LightItalic.ttf */ = {isa = PBXFileReference; lastKnownFileType = file; path = "Roboto-LightItalic.ttf"; sourceTree = "<group>"; };
		E00417CF2C03795600C71460 /* Roboto-Medium.ttf */ = {isa = PBXFileReference; lastKnownFileType = file; path = "Roboto-Medium.ttf"; sourceTree = "<group>"; };
		E00417D02C03795600C71460 /* Roboto-MediumItalic.ttf */ = {isa = PBXFileReference; lastKnownFileType = file; path = "Roboto-MediumItalic.ttf"; sourceTree = "<group>"; };
		E00417D12C03795600C71460 /* Roboto-Regular.ttf */ = {isa = PBXFileReference; lastKnownFileType = file; path = "Roboto-Regular.ttf"; sourceTree = "<group>"; };
		E00417D22C03795600C71460 /* Roboto-Thin.ttf */ = {isa = PBXFileReference; lastKnownFileType = file; path = "Roboto-Thin.ttf"; sourceTree = "<group>"; };
		E00417D32C03795600C71460 /* Roboto-ThinItalic.ttf */ = {isa = PBXFileReference; lastKnownFileType = file; path = "Roboto-ThinItalic.ttf"; sourceTree = "<group>"; };
		E00417E32C037B5E00C71460 /* UIFont+Extension.swift */ = {isa = PBXFileReference; lastKnownFileType = sourcecode.swift; path = "UIFont+Extension.swift"; sourceTree = "<group>"; };
/* End PBXFileReference section */

/* Begin PBXFrameworksBuildPhase section */
		E00417AB2C036D0200C71460 /* Frameworks */ = {
			isa = PBXFrameworksBuildPhase;
			buildActionMask = 2147483647;
			files = (
			);
			runOnlyForDeploymentPostprocessing = 0;
		};
/* End PBXFrameworksBuildPhase section */

/* Begin PBXGroup section */
		E00417A52C036D0200C71460 = {
			isa = PBXGroup;
			children = (
				E00417B02C036D0200C71460 /* FoodDeliveryPet */,
				E00417AF2C036D0200C71460 /* Products */,
			);
			sourceTree = "<group>";
		};
		E00417AF2C036D0200C71460 /* Products */ = {
			isa = PBXGroup;
			children = (
				E00417AE2C036D0200C71460 /* FoodDeliveryPet.app */,
			);
			name = Products;
			sourceTree = "<group>";
		};
		E00417B02C036D0200C71460 /* FoodDeliveryPet */ = {
			isa = PBXGroup;
			children = (
				E00417C52C03791E00C71460 /* Resources */,
				E00417B12C036D0200C71460 /* AppDelegate.swift */,
				E00417B32C036D0200C71460 /* SceneDelegate.swift */,
				E00417B52C036D0300C71460 /* ViewController.swift */,
				E00417BA2C036D0400C71460 /* Assets.xcassets */,
				E00417BC2C036D0400C71460 /* LaunchScreen.storyboard */,
				E00417BF2C036D0400C71460 /* Info.plist */,
			);
			path = FoodDeliveryPet;
			sourceTree = "<group>";
		};
		E00417C52C03791E00C71460 /* Resources */ = {
			isa = PBXGroup;
			children = (
				E00417E22C037B1800C71460 /* Extensions */,
				E00417C62C03793000C71460 /* Fonts */,
			);
			path = Resources;
			sourceTree = "<group>";
		};
		E00417C62C03793000C71460 /* Fonts */ = {
			isa = PBXGroup;
			children = (
				E00417D42C03795600C71460 /* Roboto */,
			);
			path = Fonts;
			sourceTree = "<group>";
		};
		E00417D42C03795600C71460 /* Roboto */ = {
			isa = PBXGroup;
			children = (
				E00417C72C03795600C71460 /* LICENSE.txt */,
				E00417C82C03795600C71460 /* Roboto-Black.ttf */,
				E00417C92C03795600C71460 /* Roboto-BlackItalic.ttf */,
				E00417CA2C03795600C71460 /* Roboto-Bold.ttf */,
				E00417CB2C03795600C71460 /* Roboto-BoldItalic.ttf */,
				E00417CC2C03795600C71460 /* Roboto-Italic.ttf */,
				E00417CD2C03795600C71460 /* Roboto-Light.ttf */,
				E00417CE2C03795600C71460 /* Roboto-LightItalic.ttf */,
				E00417CF2C03795600C71460 /* Roboto-Medium.ttf */,
				E00417D02C03795600C71460 /* Roboto-MediumItalic.ttf */,
				E00417D12C03795600C71460 /* Roboto-Regular.ttf */,
				E00417D22C03795600C71460 /* Roboto-Thin.ttf */,
				E00417D32C03795600C71460 /* Roboto-ThinItalic.ttf */,
			);
			path = Roboto;
			sourceTree = "<group>";
		};
		E00417E22C037B1800C71460 /* Extensions */ = {
			isa = PBXGroup;
			children = (
				E00417E32C037B5E00C71460 /* UIFont+Extension.swift */,
			);
			path = Extensions;
			sourceTree = "<group>";
		};
/* End PBXGroup section */

/* Begin PBXNativeTarget section */
		E00417AD2C036D0200C71460 /* FoodDeliveryPet */ = {
			isa = PBXNativeTarget;
			buildConfigurationList = E00417C22C036D0400C71460 /* Build configuration list for PBXNativeTarget "FoodDeliveryPet" */;
			buildPhases = (
				E00417AA2C036D0200C71460 /* Sources */,
				E00417AB2C036D0200C71460 /* Frameworks */,
				E00417AC2C036D0200C71460 /* Resources */,
			);
			buildRules = (
			);
			dependencies = (
			);
			name = FoodDeliveryPet;
			productName = FoodDeliveryPet;
			productReference = E00417AE2C036D0200C71460 /* FoodDeliveryPet.app */;
			productType = "com.apple.product-type.application";
		};
/* End PBXNativeTarget section */

/* Begin PBXProject section */
		E00417A62C036D0200C71460 /* Project object */ = {
			isa = PBXProject;
			attributes = {
				BuildIndependentTargetsInParallel = 1;
				LastSwiftUpdateCheck = 1530;
				LastUpgradeCheck = 1530;
				TargetAttributes = {
					E00417AD2C036D0200C71460 = {
						CreatedOnToolsVersion = 15.3;
					};
				};
			};
			buildConfigurationList = E00417A92C036D0200C71460 /* Build configuration list for PBXProject "FoodDeliveryPet" */;
			compatibilityVersion = "Xcode 14.0";
			developmentRegion = en;
			hasScannedForEncodings = 0;
			knownRegions = (
				en,
				Base,
			);
			mainGroup = E00417A52C036D0200C71460;
			productRefGroup = E00417AF2C036D0200C71460 /* Products */;
			projectDirPath = "";
			projectRoot = "";
			targets = (
				E00417AD2C036D0200C71460 /* FoodDeliveryPet */,
			);
		};
/* End PBXProject section */

/* Begin PBXResourcesBuildPhase section */
		E00417AC2C036D0200C71460 /* Resources */ = {
			isa = PBXResourcesBuildPhase;
			buildActionMask = 2147483647;
			files = (
				E00417E12C03795600C71460 /* Roboto-ThinItalic.ttf in Resources */,
				E00417E02C03795600C71460 /* Roboto-Thin.ttf in Resources */,
				E00417D52C03795600C71460 /* LICENSE.txt in Resources */,
				E00417BB2C036D0400C71460 /* Assets.xcassets in Resources */,
				E00417DC2C03795600C71460 /* Roboto-LightItalic.ttf in Resources */,
				E00417D82C03795600C71460 /* Roboto-Bold.ttf in Resources */,
				E00417DE2C03795600C71460 /* Roboto-MediumItalic.ttf in Resources */,
				E00417D72C03795600C71460 /* Roboto-BlackItalic.ttf in Resources */,
				E00417BE2C036D0400C71460 /* Base in Resources */,
				E00417DA2C03795600C71460 /* Roboto-Italic.ttf in Resources */,
				E00417D92C03795600C71460 /* Roboto-BoldItalic.ttf in Resources */,
				E00417DD2C03795600C71460 /* Roboto-Medium.ttf in Resources */,
				E00417DF2C03795600C71460 /* Roboto-Regular.ttf in Resources */,
				E00417D62C03795600C71460 /* Roboto-Black.ttf in Resources */,
				E00417DB2C03795600C71460 /* Roboto-Light.ttf in Resources */,
			);
			runOnlyForDeploymentPostprocessing = 0;
		};
/* End PBXResourcesBuildPhase section */

/* Begin PBXSourcesBuildPhase section */
		E00417AA2C036D0200C71460 /* Sources */ = {
			isa = PBXSourcesBuildPhase;
			buildActionMask = 2147483647;
			files = (
				E00417B62C036D0300C71460 /* ViewController.swift in Sources */,
				E00417B22C036D0200C71460 /* AppDelegate.swift in Sources */,
				E00417E42C037B5E00C71460 /* UIFont+Extension.swift in Sources */,
				E00417B42C036D0200C71460 /* SceneDelegate.swift in Sources */,
			);
			runOnlyForDeploymentPostprocessing = 0;
		};
/* End PBXSourcesBuildPhase section */

/* Begin PBXVariantGroup section */
		E00417BC2C036D0400C71460 /* LaunchScreen.storyboard */ = {
			isa = PBXVariantGroup;
			children = (
				E00417BD2C036D0400C71460 /* Base */,
			);
			name = LaunchScreen.storyboard;
			sourceTree = "<group>";
		};
/* End PBXVariantGroup section */

/* Begin XCBuildConfiguration section */
		E00417C02C036D0400C71460 /* Debug */ = {
			isa = XCBuildConfiguration;
			buildSettings = {
				ALWAYS_SEARCH_USER_PATHS = NO;
				ASSETCATALOG_COMPILER_GENERATE_SWIFT_ASSET_SYMBOL_EXTENSIONS = YES;
				CLANG_ANALYZER_NONNULL = YES;
				CLANG_ANALYZER_NUMBER_OBJECT_CONVERSION = YES_AGGRESSIVE;
				CLANG_CXX_LANGUAGE_STANDARD = "gnu++20";
				CLANG_ENABLE_MODULES = YES;
				CLANG_ENABLE_OBJC_ARC = YES;
				CLANG_ENABLE_OBJC_WEAK = YES;
				CLANG_WARN_BLOCK_CAPTURE_AUTORELEASING = YES;
				CLANG_WARN_BOOL_CONVERSION = YES;
				CLANG_WARN_COMMA = YES;
				CLANG_WARN_CONSTANT_CONVERSION = YES;
				CLANG_WARN_DEPRECATED_OBJC_IMPLEMENTATIONS = YES;
				CLANG_WARN_DIRECT_OBJC_ISA_USAGE = YES_ERROR;
				CLANG_WARN_DOCUMENTATION_COMMENTS = YES;
				CLANG_WARN_EMPTY_BODY = YES;
				CLANG_WARN_ENUM_CONVERSION = YES;
				CLANG_WARN_INFINITE_RECURSION = YES;
				CLANG_WARN_INT_CONVERSION = YES;
				CLANG_WARN_NON_LITERAL_NULL_CONVERSION = YES;
				CLANG_WARN_OBJC_IMPLICIT_RETAIN_SELF = YES;
				CLANG_WARN_OBJC_LITERAL_CONVERSION = YES;
				CLANG_WARN_OBJC_ROOT_CLASS = YES_ERROR;
				CLANG_WARN_QUOTED_INCLUDE_IN_FRAMEWORK_HEADER = YES;
				CLANG_WARN_RANGE_LOOP_ANALYSIS = YES;
				CLANG_WARN_STRICT_PROTOTYPES = YES;
				CLANG_WARN_SUSPICIOUS_MOVE = YES;
				CLANG_WARN_UNGUARDED_AVAILABILITY = YES_AGGRESSIVE;
				CLANG_WARN_UNREACHABLE_CODE = YES;
				CLANG_WARN__DUPLICATE_METHOD_MATCH = YES;
				COPY_PHASE_STRIP = NO;
				DEBUG_INFORMATION_FORMAT = dwarf;
				ENABLE_STRICT_OBJC_MSGSEND = YES;
				ENABLE_TESTABILITY = YES;
				ENABLE_USER_SCRIPT_SANDBOXING = YES;
				GCC_C_LANGUAGE_STANDARD = gnu17;
				GCC_DYNAMIC_NO_PIC = NO;
				GCC_NO_COMMON_BLOCKS = YES;
				GCC_OPTIMIZATION_LEVEL = 0;
				GCC_PREPROCESSOR_DEFINITIONS = (
					"DEBUG=1",
					"$(inherited)",
				);
				GCC_WARN_64_TO_32_BIT_CONVERSION = YES;
				GCC_WARN_ABOUT_RETURN_TYPE = YES_ERROR;
				GCC_WARN_UNDECLARED_SELECTOR = YES;
				GCC_WARN_UNINITIALIZED_AUTOS = YES_AGGRESSIVE;
				GCC_WARN_UNUSED_FUNCTION = YES;
				GCC_WARN_UNUSED_VARIABLE = YES;
				IPHONEOS_DEPLOYMENT_TARGET = 17.4;
				LOCALIZATION_PREFERS_STRING_CATALOGS = YES;
				MTL_ENABLE_DEBUG_INFO = INCLUDE_SOURCE;
				MTL_FAST_MATH = YES;
				ONLY_ACTIVE_ARCH = YES;
				SDKROOT = iphoneos;
				SWIFT_ACTIVE_COMPILATION_CONDITIONS = "DEBUG $(inherited)";
				SWIFT_OPTIMIZATION_LEVEL = "-Onone";
			};
			name = Debug;
		};
		E00417C12C036D0400C71460 /* Release */ = {
			isa = XCBuildConfiguration;
			buildSettings = {
				ALWAYS_SEARCH_USER_PATHS = NO;
				ASSETCATALOG_COMPILER_GENERATE_SWIFT_ASSET_SYMBOL_EXTENSIONS = YES;
				CLANG_ANALYZER_NONNULL = YES;
				CLANG_ANALYZER_NUMBER_OBJECT_CONVERSION = YES_AGGRESSIVE;
				CLANG_CXX_LANGUAGE_STANDARD = "gnu++20";
				CLANG_ENABLE_MODULES = YES;
				CLANG_ENABLE_OBJC_ARC = YES;
				CLANG_ENABLE_OBJC_WEAK = YES;
				CLANG_WARN_BLOCK_CAPTURE_AUTORELEASING = YES;
				CLANG_WARN_BOOL_CONVERSION = YES;
				CLANG_WARN_COMMA = YES;
				CLANG_WARN_CONSTANT_CONVERSION = YES;
				CLANG_WARN_DEPRECATED_OBJC_IMPLEMENTATIONS = YES;
				CLANG_WARN_DIRECT_OBJC_ISA_USAGE = YES_ERROR;
				CLANG_WARN_DOCUMENTATION_COMMENTS = YES;
				CLANG_WARN_EMPTY_BODY = YES;
				CLANG_WARN_ENUM_CONVERSION = YES;
				CLANG_WARN_INFINITE_RECURSION = YES;
				CLANG_WARN_INT_CONVERSION = YES;
				CLANG_WARN_NON_LITERAL_NULL_CONVERSION = YES;
				CLANG_WARN_OBJC_IMPLICIT_RETAIN_SELF = YES;
				CLANG_WARN_OBJC_LITERAL_CONVERSION = YES;
				CLANG_WARN_OBJC_ROOT_CLASS = YES_ERROR;
				CLANG_WARN_QUOTED_INCLUDE_IN_FRAMEWORK_HEADER = YES;
				CLANG_WARN_RANGE_LOOP_ANALYSIS = YES;
				CLANG_WARN_STRICT_PROTOTYPES = YES;
				CLANG_WARN_SUSPICIOUS_MOVE = YES;
				CLANG_WARN_UNGUARDED_AVAILABILITY = YES_AGGRESSIVE;
				CLANG_WARN_UNREACHABLE_CODE = YES;
				CLANG_WARN__DUPLICATE_METHOD_MATCH = YES;
				COPY_PHASE_STRIP = NO;
				DEBUG_INFORMATION_FORMAT = "dwarf-with-dsym";
				ENABLE_NS_ASSERTIONS = NO;
				ENABLE_STRICT_OBJC_MSGSEND = YES;
				ENABLE_USER_SCRIPT_SANDBOXING = YES;
				GCC_C_LANGUAGE_STANDARD = gnu17;
				GCC_NO_COMMON_BLOCKS = YES;
				GCC_WARN_64_TO_32_BIT_CONVERSION = YES;
				GCC_WARN_ABOUT_RETURN_TYPE = YES_ERROR;
				GCC_WARN_UNDECLARED_SELECTOR = YES;
				GCC_WARN_UNINITIALIZED_AUTOS = YES_AGGRESSIVE;
				GCC_WARN_UNUSED_FUNCTION = YES;
				GCC_WARN_UNUSED_VARIABLE = YES;
				IPHONEOS_DEPLOYMENT_TARGET = 17.4;
				LOCALIZATION_PREFERS_STRING_CATALOGS = YES;
				MTL_ENABLE_DEBUG_INFO = NO;
				MTL_FAST_MATH = YES;
				SDKROOT = iphoneos;
				SWIFT_COMPILATION_MODE = wholemodule;
				VALIDATE_PRODUCT = YES;
			};
			name = Release;
		};
		E00417C32C036D0400C71460 /* Debug */ = {
			isa = XCBuildConfiguration;
			buildSettings = {
				ASSETCATALOG_COMPILER_APPICON_NAME = AppIcon;
				ASSETCATALOG_COMPILER_GLOBAL_ACCENT_COLOR_NAME = AccentColor;
				CODE_SIGN_STYLE = Automatic;
				CURRENT_PROJECT_VERSION = 1;
				DEVELOPMENT_TEAM = 2N7Z6PLRZ9;
				GENERATE_INFOPLIST_FILE = YES;
				INFOPLIST_FILE = FoodDeliveryPet/Info.plist;
				INFOPLIST_KEY_UIApplicationSupportsIndirectInputEvents = YES;
				INFOPLIST_KEY_UILaunchStoryboardName = LaunchScreen;
				INFOPLIST_KEY_UISupportedInterfaceOrientations_iPad = "UIInterfaceOrientationPortrait UIInterfaceOrientationPortraitUpsideDown UIInterfaceOrientationLandscapeLeft UIInterfaceOrientationLandscapeRight";
				INFOPLIST_KEY_UISupportedInterfaceOrientations_iPhone = "UIInterfaceOrientationPortrait UIInterfaceOrientationLandscapeLeft UIInterfaceOrientationLandscapeRight";
				LD_RUNPATH_SEARCH_PATHS = (
					"$(inherited)",
					"@executable_path/Frameworks",
				);
				MARKETING_VERSION = 1.0;
				PRODUCT_BUNDLE_IDENTIFIER = com.maksimir91.FoodDeliveryPet;
				PRODUCT_NAME = "$(TARGET_NAME)";
				SUPPORTED_PLATFORMS = "iphoneos iphonesimulator";
				SUPPORTS_MACCATALYST = NO;
				SUPPORTS_MAC_DESIGNED_FOR_IPHONE_IPAD = NO;
				SUPPORTS_XR_DESIGNED_FOR_IPHONE_IPAD = NO;
				SWIFT_EMIT_LOC_STRINGS = YES;
				SWIFT_VERSION = 5.0;
				TARGETED_DEVICE_FAMILY = 1;
			};
			name = Debug;
		};
		E00417C42C036D0400C71460 /* Release */ = {
			isa = XCBuildConfiguration;
			buildSettings = {
				ASSETCATALOG_COMPILER_APPICON_NAME = AppIcon;
				ASSETCATALOG_COMPILER_GLOBAL_ACCENT_COLOR_NAME = AccentColor;
				CODE_SIGN_STYLE = Automatic;
				CURRENT_PROJECT_VERSION = 1;
				DEVELOPMENT_TEAM = 2N7Z6PLRZ9;
				GENERATE_INFOPLIST_FILE = YES;
				INFOPLIST_FILE = FoodDeliveryPet/Info.plist;
				INFOPLIST_KEY_UIApplicationSupportsIndirectInputEvents = YES;
				INFOPLIST_KEY_UILaunchStoryboardName = LaunchScreen;
				INFOPLIST_KEY_UISupportedInterfaceOrientations_iPad = "UIInterfaceOrientationPortrait UIInterfaceOrientationPortraitUpsideDown UIInterfaceOrientationLandscapeLeft UIInterfaceOrientationLandscapeRight";
				INFOPLIST_KEY_UISupportedInterfaceOrientations_iPhone = "UIInterfaceOrientationPortrait UIInterfaceOrientationLandscapeLeft UIInterfaceOrientationLandscapeRight";
				LD_RUNPATH_SEARCH_PATHS = (
					"$(inherited)",
					"@executable_path/Frameworks",
				);
				MARKETING_VERSION = 1.0;
				PRODUCT_BUNDLE_IDENTIFIER = com.maksimir91.FoodDeliveryPet;
				PRODUCT_NAME = "$(TARGET_NAME)";
				SUPPORTED_PLATFORMS = "iphoneos iphonesimulator";
				SUPPORTS_MACCATALYST = NO;
				SUPPORTS_MAC_DESIGNED_FOR_IPHONE_IPAD = NO;
				SUPPORTS_XR_DESIGNED_FOR_IPHONE_IPAD = NO;
				SWIFT_EMIT_LOC_STRINGS = YES;
				SWIFT_VERSION = 5.0;
				TARGETED_DEVICE_FAMILY = 1;
			};
			name = Release;
		};
/* End XCBuildConfiguration section */

/* Begin XCConfigurationList section */
		E00417A92C036D0200C71460 /* Build configuration list for PBXProject "FoodDeliveryPet" */ = {
			isa = XCConfigurationList;
			buildConfigurations = (
				E00417C02C036D0400C71460 /* Debug */,
				E00417C12C036D0400C71460 /* Release */,
			);
			defaultConfigurationIsVisible = 0;
			defaultConfigurationName = Release;
		};
		E00417C22C036D0400C71460 /* Build configuration list for PBXNativeTarget "FoodDeliveryPet" */ = {
			isa = XCConfigurationList;
			buildConfigurations = (
				E00417C32C036D0400C71460 /* Debug */,
				E00417C42C036D0400C71460 /* Release */,
			);
			defaultConfigurationIsVisible = 0;
			defaultConfigurationName = Release;
		};
/* End XCConfigurationList section */
	};
	rootObject = E00417A62C036D0200C71460 /* Project object */;
}
